
Microsoft Visual Studio Solution File, Format Version 12.00
# Visual Studio Version 16
VisualStudioVersion = 16.0.30804.86
MinimumVisualStudioVersion = 10.0.40219.1
Project("{8BC9CEB8-8B4A-11D0-8D11-00A0C91BC942}") = "蓝桥杯-既约分数-1", "蓝桥杯-既约分数-1.vcxproj", "{4E8F9694-6A63-498D-B987-89D5361B573E}"
EndProject
Global
	GlobalSection(SolutionConfigurationPlatforms) = preSolution
		Debug|x64 = Debug|x64
		Debug|x86 = Debug|x86
		Release|x64 = Release|x64
		Release|x86 = Release|x86
	EndGlobalSection
	GlobalSection(ProjectConfigurationPlatforms) = postSolution
		{4E8F9694-6A63-498D-B987-89D5361B573E}.Debug|x64.ActiveCfg = Debug|x64
		{4E8F9694-6A63-498D-B987-89D5361B573E}.Debug|x64.Build.0 = Debug|x64
		{4E8F9694-6A63-498D-B987-89D5361B573E}.Debug|x86.ActiveCfg = Debug|Win32
		{4E8F9694-6A63-498D-B987-89D5361B573E}.Debug|x86.Build.0 = Debug|Win32
		{4E8F9694-6A63-498D-B987-89D5361B573E}.Release|x64.ActiveCfg = Release|x64
		{4E8F9694-6A63-498D-B987-89D5361B573E}.Release|x64.Build.0 = Release|x64
		{4E8F9694-6A63-498D-B987-89D5361B573E}.Release|x86.ActiveCfg = Release|Win32
		{4E8F9694-6A63-498D-B987-89D5361B573E}.Release|x86.Build.0 = Release|Win32
	EndGlobalSection
	GlobalSection(SolutionProperties) = preSolution
		HideSolutionNode = FALSE
	EndGlobalSection
	GlobalSection(ExtensibilityGlobals) = postSolution
		SolutionGuid = {34CA7775-FA44-49B8-B315-4307FB66B5DA}
	EndGlobalSection
EndGlobal
