
Microsoft Visual Studio Solution File, Format Version 12.00
# Visual Studio Version 16
VisualStudioVersion = 16.0.30804.86
MinimumVisualStudioVersion = 10.0.40219.1
Project("{8BC9CEB8-8B4A-11D0-8D11-00A0C91BC942}") = "数据结构-实验1", "数据结构-实验1.vcxproj", "{0C09752F-56F8-4F87-9E2A-67E7C6B3C658}"
EndProject
Global
	GlobalSection(SolutionConfigurationPlatforms) = preSolution
		Debug|x64 = Debug|x64
		Debug|x86 = Debug|x86
		Release|x64 = Release|x64
		Release|x86 = Release|x86
	EndGlobalSection
	GlobalSection(ProjectConfigurationPlatforms) = postSolution
		{0C09752F-56F8-4F87-9E2A-67E7C6B3C658}.Debug|x64.ActiveCfg = Debug|x64
		{0C09752F-56F8-4F87-9E2A-67E7C6B3C658}.Debug|x64.Build.0 = Debug|x64
		{0C09752F-56F8-4F87-9E2A-67E7C6B3C658}.Debug|x86.ActiveCfg = Debug|Win32
		{0C09752F-56F8-4F87-9E2A-67E7C6B3C658}.Debug|x86.Build.0 = Debug|Win32
		{0C09752F-56F8-4F87-9E2A-67E7C6B3C658}.Release|x64.ActiveCfg = Release|x64
		{0C09752F-56F8-4F87-9E2A-67E7C6B3C658}.Release|x64.Build.0 = Release|x64
		{0C09752F-56F8-4F87-9E2A-67E7C6B3C658}.Release|x86.ActiveCfg = Release|Win32
		{0C09752F-56F8-4F87-9E2A-67E7C6B3C658}.Release|x86.Build.0 = Release|Win32
	EndGlobalSection
	GlobalSection(SolutionProperties) = preSolution
		HideSolutionNode = FALSE
	EndGlobalSection
	GlobalSection(ExtensibilityGlobals) = postSolution
		SolutionGuid = {BBEAB758-24FB-4D82-9325-F88193432619}
	EndGlobalSection
EndGlobal
