
Microsoft Visual Studio Solution File, Format Version 12.00
# Visual Studio Version 16
VisualStudioVersion = 16.0.29920.165
MinimumVisualStudioVersion = 10.0.40219.1
Project("{8BC9CEB8-8B4A-11D0-8D11-00A0C91BC942}") = "1！+2！+3！+……+20！", "1！+2！+3！+……+20！.vcxproj", "{B09E00E7-7CC2-4A1C-AD14-C4ED551F2075}"
EndProject
Global
	GlobalSection(SolutionConfigurationPlatforms) = preSolution
		Debug|x64 = Debug|x64
		Debug|x86 = Debug|x86
		Release|x64 = Release|x64
		Release|x86 = Release|x86
	EndGlobalSection
	GlobalSection(ProjectConfigurationPlatforms) = postSolution
		{B09E00E7-7CC2-4A1C-AD14-C4ED551F2075}.Debug|x64.ActiveCfg = Debug|x64
		{B09E00E7-7CC2-4A1C-AD14-C4ED551F2075}.Debug|x64.Build.0 = Debug|x64
		{B09E00E7-7CC2-4A1C-AD14-C4ED551F2075}.Debug|x86.ActiveCfg = Debug|Win32
		{B09E00E7-7CC2-4A1C-AD14-C4ED551F2075}.Debug|x86.Build.0 = Debug|Win32
		{B09E00E7-7CC2-4A1C-AD14-C4ED551F2075}.Release|x64.ActiveCfg = Release|x64
		{B09E00E7-7CC2-4A1C-AD14-C4ED551F2075}.Release|x64.Build.0 = Release|x64
		{B09E00E7-7CC2-4A1C-AD14-C4ED551F2075}.Release|x86.ActiveCfg = Release|Win32
		{B09E00E7-7CC2-4A1C-AD14-C4ED551F2075}.Release|x86.Build.0 = Release|Win32
	EndGlobalSection
	GlobalSection(SolutionProperties) = preSolution
		HideSolutionNode = FALSE
	EndGlobalSection
	GlobalSection(ExtensibilityGlobals) = postSolution
		SolutionGuid = {9C1F7929-1658-4703-977D-B5E17DB79FD2}
	EndGlobalSection
EndGlobal
