
Microsoft Visual Studio Solution File, Format Version 12.00
# Visual Studio Version 16
VisualStudioVersion = 16.0.30011.22
MinimumVisualStudioVersion = 10.0.40219.1
Project("{8BC9CEB8-8B4A-11D0-8D11-00A0C91BC942}") = "选择排序法", "选择排序法.vcxproj", "{515058DD-5B6A-45F2-8310-7A4BDEF8F83F}"
EndProject
Global
	GlobalSection(SolutionConfigurationPlatforms) = preSolution
		Debug|x64 = Debug|x64
		Debug|x86 = Debug|x86
		Release|x64 = Release|x64
		Release|x86 = Release|x86
	EndGlobalSection
	GlobalSection(ProjectConfigurationPlatforms) = postSolution
		{515058DD-5B6A-45F2-8310-7A4BDEF8F83F}.Debug|x64.ActiveCfg = Debug|x64
		{515058DD-5B6A-45F2-8310-7A4BDEF8F83F}.Debug|x64.Build.0 = Debug|x64
		{515058DD-5B6A-45F2-8310-7A4BDEF8F83F}.Debug|x86.ActiveCfg = Debug|Win32
		{515058DD-5B6A-45F2-8310-7A4BDEF8F83F}.Debug|x86.Build.0 = Debug|Win32
		{515058DD-5B6A-45F2-8310-7A4BDEF8F83F}.Release|x64.ActiveCfg = Release|x64
		{515058DD-5B6A-45F2-8310-7A4BDEF8F83F}.Release|x64.Build.0 = Release|x64
		{515058DD-5B6A-45F2-8310-7A4BDEF8F83F}.Release|x86.ActiveCfg = Release|Win32
		{515058DD-5B6A-45F2-8310-7A4BDEF8F83F}.Release|x86.Build.0 = Release|Win32
	EndGlobalSection
	GlobalSection(SolutionProperties) = preSolution
		HideSolutionNode = FALSE
	EndGlobalSection
	GlobalSection(ExtensibilityGlobals) = postSolution
		SolutionGuid = {654DEB74-A1EA-4F02-B0E5-5C1B4067439C}
	EndGlobalSection
EndGlobal
