
Microsoft Visual Studio Solution File, Format Version 12.00
# Visual Studio Version 16
VisualStudioVersion = 16.0.29709.97
MinimumVisualStudioVersion = 10.0.40219.1
Project("{8BC9CEB8-8B4A-11D0-8D11-00A0C91BC942}") = "20200303作业", "20200303作业.vcxproj", "{FF26B909-88AA-465D-BDBF-7ADF3E9890A0}"
EndProject
Global
	GlobalSection(SolutionConfigurationPlatforms) = preSolution
		Debug|x64 = Debug|x64
		Debug|x86 = Debug|x86
		Release|x64 = Release|x64
		Release|x86 = Release|x86
	EndGlobalSection
	GlobalSection(ProjectConfigurationPlatforms) = postSolution
		{FF26B909-88AA-465D-BDBF-7ADF3E9890A0}.Debug|x64.ActiveCfg = Debug|x64
		{FF26B909-88AA-465D-BDBF-7ADF3E9890A0}.Debug|x64.Build.0 = Debug|x64
		{FF26B909-88AA-465D-BDBF-7ADF3E9890A0}.Debug|x86.ActiveCfg = Debug|Win32
		{FF26B909-88AA-465D-BDBF-7ADF3E9890A0}.Debug|x86.Build.0 = Debug|Win32
		{FF26B909-88AA-465D-BDBF-7ADF3E9890A0}.Release|x64.ActiveCfg = Release|x64
		{FF26B909-88AA-465D-BDBF-7ADF3E9890A0}.Release|x64.Build.0 = Release|x64
		{FF26B909-88AA-465D-BDBF-7ADF3E9890A0}.Release|x86.ActiveCfg = Release|Win32
		{FF26B909-88AA-465D-BDBF-7ADF3E9890A0}.Release|x86.Build.0 = Release|Win32
	EndGlobalSection
	GlobalSection(SolutionProperties) = preSolution
		HideSolutionNode = FALSE
	EndGlobalSection
	GlobalSection(ExtensibilityGlobals) = postSolution
		SolutionGuid = {99927765-6E18-4C91-9D66-9D66E7097547}
	EndGlobalSection
EndGlobal
