
Microsoft Visual Studio Solution File, Format Version 12.00
# Visual Studio Version 16
VisualStudioVersion = 16.0.29920.165
MinimumVisualStudioVersion = 10.0.40219.1
Project("{8BC9CEB8-8B4A-11D0-8D11-00A0C91BC942}") = "if多分支语句", "if多分支语句.vcxproj", "{B6CDA8C9-6F10-45F5-81CF-72F5B53A2B63}"
EndProject
Global
	GlobalSection(SolutionConfigurationPlatforms) = preSolution
		Debug|x64 = Debug|x64
		Debug|x86 = Debug|x86
		Release|x64 = Release|x64
		Release|x86 = Release|x86
	EndGlobalSection
	GlobalSection(ProjectConfigurationPlatforms) = postSolution
		{B6CDA8C9-6F10-45F5-81CF-72F5B53A2B63}.Debug|x64.ActiveCfg = Debug|x64
		{B6CDA8C9-6F10-45F5-81CF-72F5B53A2B63}.Debug|x64.Build.0 = Debug|x64
		{B6CDA8C9-6F10-45F5-81CF-72F5B53A2B63}.Debug|x86.ActiveCfg = Debug|Win32
		{B6CDA8C9-6F10-45F5-81CF-72F5B53A2B63}.Debug|x86.Build.0 = Debug|Win32
		{B6CDA8C9-6F10-45F5-81CF-72F5B53A2B63}.Release|x64.ActiveCfg = Release|x64
		{B6CDA8C9-6F10-45F5-81CF-72F5B53A2B63}.Release|x64.Build.0 = Release|x64
		{B6CDA8C9-6F10-45F5-81CF-72F5B53A2B63}.Release|x86.ActiveCfg = Release|Win32
		{B6CDA8C9-6F10-45F5-81CF-72F5B53A2B63}.Release|x86.Build.0 = Release|Win32
	EndGlobalSection
	GlobalSection(SolutionProperties) = preSolution
		HideSolutionNode = FALSE
	EndGlobalSection
	GlobalSection(ExtensibilityGlobals) = postSolution
		SolutionGuid = {51374EBC-8609-47DB-B211-C6C7D0C26B2F}
	EndGlobalSection
EndGlobal
